
Microsoft Visual Studio Solution File, Format Version 12.00
# Visual Studio 15
VisualStudioVersion = 15.0.28307.539
MinimumVisualStudioVersion = 10.0.40219.1
Project("{9092AA53-FB77-4645-B42D-1CCCA6BD08BD}") = "webapp", "webapp.njsproj", "{BDCA467E-FE52-41E4-8A00-E51C0049E839}"
EndProject
Global
	GlobalSection(SolutionConfigurationPlatforms) = preSolution
		Debug|Any CPU = Debug|Any CPU
		Release|Any CPU = Release|Any CPU
	EndGlobalSection
	GlobalSection(ProjectConfigurationPlatforms) = postSolution
		{BDCA467E-FE52-41E4-8A00-E51C0049E839}.Debug|Any CPU.ActiveCfg = Debug|Any CPU
		{BDCA467E-FE52-41E4-8A00-E51C0049E839}.Debug|Any CPU.Build.0 = Debug|Any CPU
		{BDCA467E-FE52-41E4-8A00-E51C0049E839}.Release|Any CPU.ActiveCfg = Release|Any CPU
		{BDCA467E-FE52-41E4-8A00-E51C0049E839}.Release|Any CPU.Build.0 = Release|Any CPU
	EndGlobalSection
	GlobalSection(SolutionProperties) = preSolution
		HideSolutionNode = FALSE
	EndGlobalSection
	GlobalSection(ExtensibilityGlobals) = postSolution
		SolutionGuid = {22F536C6-3C77-4CF4-B869-B589D0A68C53}
	EndGlobalSection
EndGlobal
